
Microsoft Visual Studio Solution File, Format Version 12.00
# Visual Studio Version 16
VisualStudioVersion = 16.0.30320.27
MinimumVisualStudioVersion = 10.0.40219.1
Project("{FAE04EC0-301F-11D3-BF4B-00C04F79EFBC}") = "TimerWPF", "TimerWPF\TimerWPF.csproj", "{87ABD1E1-6E8C-40C7-A2E1-71B56DAA0899}"
EndProject
Global
	GlobalSection(SolutionConfigurationPlatforms) = preSolution
		Debug|Any CPU = Debug|Any CPU
		Release|Any CPU = Release|Any CPU
	EndGlobalSection
	GlobalSection(ProjectConfigurationPlatforms) = postSolution
		{87ABD1E1-6E8C-40C7-A2E1-71B56DAA0899}.Debug|Any CPU.ActiveCfg = Debug|Any CPU
		{87ABD1E1-6E8C-40C7-A2E1-71B56DAA0899}.Debug|Any CPU.Build.0 = Debug|Any CPU
		{87ABD1E1-6E8C-40C7-A2E1-71B56DAA0899}.Release|Any CPU.ActiveCfg = Release|Any CPU
		{87ABD1E1-6E8C-40C7-A2E1-71B56DAA0899}.Release|Any CPU.Build.0 = Release|Any CPU
	EndGlobalSection
	GlobalSection(SolutionProperties) = preSolution
		HideSolutionNode = FALSE
	EndGlobalSection
	GlobalSection(ExtensibilityGlobals) = postSolution
		SolutionGuid = {A35E9393-73AA-4030-8043-C424EE369778}
	EndGlobalSection
EndGlobal
